<Solution>
  <Configurations>
    <Platform Name="Any CPU" />
    <Platform Name="x64" />
    <Platform Name="x86" />
  </Configurations>
  <Folder Name="/tests/">
    <Project Path="../tests/RtpMidi.Tests/RtpMidi.Tests.csproj" />
    <Project Path="../tests/RtpMidi.InteropTest/RtpMidi.InteropTest.csproj" />
  </Folder>
  <Folder Name="/samples/">
    <Project Path="../samples/RtpMidi.Sample/RtpMidi.Sample.csproj" />
  </Folder>
  <Project Path="RtpMidi.csproj" />
  <Project Path="RtpMidi.Mdns/RtpMidi.Mdns.csproj" />
</Solution>
